
Microsoft Visual Studio Solution File, Format Version 12.00
# Visual Studio Version 17
VisualStudioVersion = 17.5.002.0
MinimumVisualStudioVersion = 10.0.40219.1
Project("{9A19103F-16F7-4668-BE54-9A1E7A4F7556}") = "EsettMvcIntegration", "EsettMvcIntegration\EsettMvcIntegration.csproj", "{0CA7194B-7DE5-4E55-B8C1-CDBCDFC371B9}"
EndProject
Global
	GlobalSection(SolutionConfigurationPlatforms) = preSolution
		Debug|Any CPU = Debug|Any CPU
		Release|Any CPU = Release|Any CPU
	EndGlobalSection
	GlobalSection(ProjectConfigurationPlatforms) = postSolution
		{0CA7194B-7DE5-4E55-B8C1-CDBCDFC371B9}.Debug|Any CPU.ActiveCfg = Debug|Any CPU
		{0CA7194B-7DE5-4E55-B8C1-CDBCDFC371B9}.Debug|Any CPU.Build.0 = Debug|Any CPU
		{0CA7194B-7DE5-4E55-B8C1-CDBCDFC371B9}.Release|Any CPU.ActiveCfg = Release|Any CPU
		{0CA7194B-7DE5-4E55-B8C1-CDBCDFC371B9}.Release|Any CPU.Build.0 = Release|Any CPU
	EndGlobalSection
	GlobalSection(SolutionProperties) = preSolution
		HideSolutionNode = FALSE
	EndGlobalSection
	GlobalSection(ExtensibilityGlobals) = postSolution
		SolutionGuid = {49580F42-25E1-4D32-8E17-6F59431845D2}
	EndGlobalSection
EndGlobal
